github.com/aaronpowell/webpack-golang-wasm-async-loader v0.1.0 h1:gYymEdYesT3li4DCAuWpDjn41JpnQT+VRqjf80DLOd8=
github.com/aaronpowell/webpack-golang-wasm-async-loader v0.1.0/go.mod h1:VU4cr4THfNFFVh8sA959Girn/S/BLCTHhNXV7okbWv0=
github.com/gopherjs/gopherjs v1.17.2 h1:fQnZVsXk8uxXIStYb0N4bGk7jeyTalG/wsZjQ25dO0g=
github.com/gopherjs/gopherjs v1.17.2/go.mod h1:pRRIvn/QzFLrKfvEz3qUuEhtE/zLCWfreZ6J5gM2i+k=
